
Microsoft Visual Studio Solution File, Format Version 12.00
# Visual Studio 2013
VisualStudioVersion = 12.0.30501.0
MinimumVisualStudioVersion = 10.0.40219.1
Project("{FAE04EC0-301F-11D3-BF4B-00C04F79EFBC}") = "DiGraph", "DiGraph\DiGraph.csproj", "{98C6237B-542F-4B1A-B6B2-A05B0B4C2113}"
EndProject
Project("{FAE04EC0-301F-11D3-BF4B-00C04F79EFBC}") = "ConsoleInterfase", "ConsoleInterfase\ConsoleInterfase.csproj", "{CCAA2BBD-F132-45D9-AECD-2D4BDCE71769}"
EndProject
Global
	GlobalSection(SolutionConfigurationPlatforms) = preSolution
		Debug|Any CPU = Debug|Any CPU
		Release|Any CPU = Release|Any CPU
	EndGlobalSection
	GlobalSection(ProjectConfigurationPlatforms) = postSolution
		{98C6237B-542F-4B1A-B6B2-A05B0B4C2113}.Debug|Any CPU.ActiveCfg = Debug|Any CPU
		{98C6237B-542F-4B1A-B6B2-A05B0B4C2113}.Debug|Any CPU.Build.0 = Debug|Any CPU
		{98C6237B-542F-4B1A-B6B2-A05B0B4C2113}.Release|Any CPU.ActiveCfg = Release|Any CPU
		{98C6237B-542F-4B1A-B6B2-A05B0B4C2113}.Release|Any CPU.Build.0 = Release|Any CPU
		{CCAA2BBD-F132-45D9-AECD-2D4BDCE71769}.Debug|Any CPU.ActiveCfg = Debug|Any CPU
		{CCAA2BBD-F132-45D9-AECD-2D4BDCE71769}.Debug|Any CPU.Build.0 = Debug|Any CPU
		{CCAA2BBD-F132-45D9-AECD-2D4BDCE71769}.Release|Any CPU.ActiveCfg = Release|Any CPU
		{CCAA2BBD-F132-45D9-AECD-2D4BDCE71769}.Release|Any CPU.Build.0 = Release|Any CPU
	EndGlobalSection
	GlobalSection(SolutionProperties) = preSolution
		HideSolutionNode = FALSE
	EndGlobalSection
EndGlobal
